github.com/gocnn/candy v0.3.0 h1:cSFwAw3SbhYuppb4MUUUUev/tXLn6RVcFyyCNi6shAg=
github.com/gocnn/candy v0.3.0/go.mod h1:ZksYHqzcEw9vU+czdz6/SO7vjJ1tccTndkTB0IZFl+I=
github.com/gocnn/gomat v0.5.0 h1:9fu+isUwElSKJlr6SG8wLn82oK8hO+jO2R31b6LFwUc=
github.com/gocnn/gomat v0.5.0/go.mod h1:aSd2So+c4XCb8V2aCl3JBMb2PAo2WhqCHyqUWuyZo0g=
